// !$*UTF8*$!
{
	archiveVersion = 1;
	classes = {
	};
	objectVersion = 51;
	objects = {

/* Begin PBXBuildFile section */
		24520C9223E723890092D74D /* UIViewController+Extension.swift in Sources */ = {isa = PBXBuildFile; fileRef = 24520C9123E723890092D74D /* UIViewController+Extension.swift */; };
		2459DECC23A75E24006027A1 /* ReviewConfirmViewConroller.swift in Sources */ = {isa = PBXBuildFile; fileRef = 2459DEC723A75E24006027A1 /* ReviewConfirmViewConroller.swift */; };
		2459DECD23A75E24006027A1 /* ReviewListViewConroller.swift in Sources */ = {isa = PBXBuildFile; fileRef = 2459DEC823A75E24006027A1 /* ReviewListViewConroller.swift */; };
		2459DECE23A75E24006027A1 /* ReviewPostViewConroller.swift in Sources */ = {isa = PBXBuildFile; fileRef = 2459DEC923A75E24006027A1 /* ReviewPostViewConroller.swift */; };
		2459DECF23A75E24006027A1 /* ReviewDetailViewConroller.swift in Sources */ = {isa = PBXBuildFile; fileRef = 2459DECA23A75E24006027A1 /* ReviewDetailViewConroller.swift */; };
		2459DED023A75E24006027A1 /* ReviewCompleteViewConroller.swift in Sources */ = {isa = PBXBuildFile; fileRef = 2459DECB23A75E24006027A1 /* ReviewCompleteViewConroller.swift */; };
		24741E5923A31D6000B41FE1 /* MenuViewController.swift in Sources */ = {isa = PBXBuildFile; fileRef = 24741E5823A31D6000B41FE1 /* MenuViewController.swift */; };
		24741E5B23A31DC400B41FE1 /* TopViewController.swift in Sources */ = {isa = PBXBuildFile; fileRef = 24741E5A23A31DC400B41FE1 /* TopViewController.swift */; };
		24741E5D23A31E0600B41FE1 /* VisitedViewController.swift in Sources */ = {isa = PBXBuildFile; fileRef = 24741E5C23A31E0600B41FE1 /* VisitedViewController.swift */; };
		24741E6123A31E5D00B41FE1 /* VisiteDetailsViewController.swift in Sources */ = {isa = PBXBuildFile; fileRef = 24741E6023A31E5D00B41FE1 /* VisiteDetailsViewController.swift */; };
		24741E6323A31EEE00B41FE1 /* SettingViewController.swift in Sources */ = {isa = PBXBuildFile; fileRef = 24741E6223A31EEE00B41FE1 /* SettingViewController.swift */; };
		24741E6523A3316B00B41FE1 /* WantToGoViewController.swift in Sources */ = {isa = PBXBuildFile; fileRef = 24741E6423A3316A00B41FE1 /* WantToGoViewController.swift */; };
		247CD0FA23AE0F54001B2768 /* UIView+Border.swift in Sources */ = {isa = PBXBuildFile; fileRef = 247CD0F923AE0F54001B2768 /* UIView+Border.swift */; };
		247CD0FC23AE59F5001B2768 /* ReviewTableViewCell.swift in Sources */ = {isa = PBXBuildFile; fileRef = 247CD0FB23AE59F5001B2768 /* ReviewTableViewCell.swift */; };
		247CD0FE23AE6E15001B2768 /* WantToGoDetailViewController.swift in Sources */ = {isa = PBXBuildFile; fileRef = 247CD0FD23AE6E15001B2768 /* WantToGoDetailViewController.swift */; };
		24CAC74C23ADD45800D5CE94 /* VisitedPlace.swift in Sources */ = {isa = PBXBuildFile; fileRef = 24CAC74B23ADD45800D5CE94 /* VisitedPlace.swift */; };
		24CAC74E23ADD46500D5CE94 /* Review.swift in Sources */ = {isa = PBXBuildFile; fileRef = 24CAC74D23ADD46500D5CE94 /* Review.swift */; };
		32D74D26239DE4B300CA2BBE /* GoogleService-Info.plist in Resources */ = {isa = PBXBuildFile; fileRef = 32D74D25239DE4B300CA2BBE /* GoogleService-Info.plist */; };
		32FDBAA123DE71D3003411B1 /* PhotoReviewController.swift in Sources */ = {isa = PBXBuildFile; fileRef = 32FDBAA023DE71D3003411B1 /* PhotoReviewController.swift */; };
		32FDBAA323DE7470003411B1 /* ProfanityFilter.swift in Sources */ = {isa = PBXBuildFile; fileRef = 32FDBAA223DE7470003411B1 /* ProfanityFilter.swift */; };
		440BF85423D6DA1C008FB96B /* sarchWord.swift in Sources */ = {isa = PBXBuildFile; fileRef = 440BF85323D6DA1C008FB96B /* sarchWord.swift */; };
		440BF85623D97F71008FB96B /* HistoryTableViewCell.swift in Sources */ = {isa = PBXBuildFile; fileRef = 440BF85523D97F71008FB96B /* HistoryTableViewCell.swift */; };
		4412846A23974CAC0025E051 /* whiteLogo.png in Resources */ = {isa = PBXBuildFile; fileRef = 4412846923974CAC0025E051 /* whiteLogo.png */; };
		4412846C23977CBC0025E051 /* logo.png in Resources */ = {isa = PBXBuildFile; fileRef = 4412846B23977CBC0025E051 /* logo.png */; };
		44263F6C2394B750008D0BA3 /* AppDelegate.swift in Sources */ = {isa = PBXBuildFile; fileRef = 44263F6B2394B750008D0BA3 /* AppDelegate.swift */; };
		44263F6E2394B750008D0BA3 /* SceneDelegate.swift in Sources */ = {isa = PBXBuildFile; fileRef = 44263F6D2394B750008D0BA3 /* SceneDelegate.swift */; };
		44263F702394B750008D0BA3 /* ViewController.swift in Sources */ = {isa = PBXBuildFile; fileRef = 44263F6F2394B750008D0BA3 /* ViewController.swift */; };
		44263F762394B750008D0BA3 /* kokopokePJ.xcdatamodeld in Sources */ = {isa = PBXBuildFile; fileRef = 44263F742394B750008D0BA3 /* kokopokePJ.xcdatamodeld */; };
		44263F782394B751008D0BA3 /* Assets.xcassets in Resources */ = {isa = PBXBuildFile; fileRef = 44263F772394B751008D0BA3 /* Assets.xcassets */; };
		44263F7B2394B751008D0BA3 /* LaunchScreen.storyboard in Resources */ = {isa = PBXBuildFile; fileRef = 44263F792394B751008D0BA3 /* LaunchScreen.storyboard */; };
		44913CEC23B08A02003CA29E /* History.swift in Sources */ = {isa = PBXBuildFile; fileRef = 44913CEB23B08A02003CA29E /* History.swift */; };
		44D095B123E1634E006E5614 /* Main.storyboard in Resources */ = {isa = PBXBuildFile; fileRef = 44D095B023E1634D006E5614 /* Main.storyboard */; };
		6CDEAC31B91F181F51571D7F /* Pods_kokopokePJ.framework in Frameworks */ = {isa = PBXBuildFile; fileRef = 20BC471902BE98B11422B315 /* Pods_kokopokePJ.framework */; };
		A9FD55C423AB1FE5006CBE77 /* 4.png in Resources */ = {isa = PBXBuildFile; fileRef = A9FD55BE23AB1FE5006CBE77 /* 4.png */; };
		A9FD55CD23AB2017006CBE77 /* 1.png in Resources */ = {isa = PBXBuildFile; fileRef = A9FD55C723AB2017006CBE77 /* 1.png */; };
		A9FD55CE23AB2017006CBE77 /* 3.png in Resources */ = {isa = PBXBuildFile; fileRef = A9FD55C823AB2017006CBE77 /* 3.png */; };
		A9FD55CF23AB2017006CBE77 /* 0.png in Resources */ = {isa = PBXBuildFile; fileRef = A9FD55C923AB2017006CBE77 /* 0.png */; };
		A9FD55D023AB2017006CBE77 /* 2.png in Resources */ = {isa = PBXBuildFile; fileRef = A9FD55CA23AB2017006CBE77 /* 2.png */; };
		A9FD55D123AB2017006CBE77 /* 5.png in Resources */ = {isa = PBXBuildFile; fileRef = A9FD55CB23AB2017006CBE77 /* 5.png */; };
		A9FD560423AC50AE006CBE77 /* LocationIDetailsViewController.swift in Sources */ = {isa = PBXBuildFile; fileRef = A9FD560223AC50AE006CBE77 /* LocationIDetailsViewController.swift */; };
		A9FD560623AC5163006CBE77 /* ReviewPostFormViewController.swift in Sources */ = {isa = PBXBuildFile; fileRef = A9FD560523AC5163006CBE77 /* ReviewPostFormViewController.swift */; };
/* End PBXBuildFile section */

/* Begin PBXFileReference section */
		20BC471902BE98B11422B315 /* Pods_kokopokePJ.framework */ = {isa = PBXFileReference; explicitFileType = wrapper.framework; includeInIndex = 0; path = Pods_kokopokePJ.framework; sourceTree = BUILT_PRODUCTS_DIR; };
		24520C9123E723890092D74D /* UIViewController+Extension.swift */ = {isa = PBXFileReference; fileEncoding = 4; lastKnownFileType = sourcecode.swift; path = "UIViewController+Extension.swift"; sourceTree = "<group>"; };
		2459DEC723A75E24006027A1 /* ReviewConfirmViewConroller.swift */ = {isa = PBXFileReference; fileEncoding = 4; lastKnownFileType = sourcecode.swift; path = ReviewConfirmViewConroller.swift; sourceTree = "<group>"; };
		2459DEC823A75E24006027A1 /* ReviewListViewConroller.swift */ = {isa = PBXFileReference; fileEncoding = 4; lastKnownFileType = sourcecode.swift; path = ReviewListViewConroller.swift; sourceTree = "<group>"; };
		2459DEC923A75E24006027A1 /* ReviewPostViewConroller.swift */ = {isa = PBXFileReference; fileEncoding = 4; lastKnownFileType = sourcecode.swift; path = ReviewPostViewConroller.swift; sourceTree = "<group>"; };
		2459DECA23A75E24006027A1 /* ReviewDetailViewConroller.swift */ = {isa = PBXFileReference; fileEncoding = 4; lastKnownFileType = sourcecode.swift; path = ReviewDetailViewConroller.swift; sourceTree = "<group>"; };
		2459DECB23A75E24006027A1 /* ReviewCompleteViewConroller.swift */ = {isa = PBXFileReference; fileEncoding = 4; lastKnownFileType = sourcecode.swift; path = ReviewCompleteViewConroller.swift; sourceTree = "<group>"; };
		24741E5823A31D6000B41FE1 /* MenuViewController.swift */ = {isa = PBXFileReference; lastKnownFileType = sourcecode.swift; path = MenuViewController.swift; sourceTree = "<group>"; };
		24741E5A23A31DC400B41FE1 /* TopViewController.swift */ = {isa = PBXFileReference; lastKnownFileType = sourcecode.swift; path = TopViewController.swift; sourceTree = "<group>"; };
		24741E5C23A31E0600B41FE1 /* VisitedViewController.swift */ = {isa = PBXFileReference; lastKnownFileType = sourcecode.swift; path = VisitedViewController.swift; sourceTree = "<group>"; };
		24741E6023A31E5D00B41FE1 /* VisiteDetailsViewController.swift */ = {isa = PBXFileReference; lastKnownFileType = sourcecode.swift; path = VisiteDetailsViewController.swift; sourceTree = "<group>"; };
		24741E6223A31EEE00B41FE1 /* SettingViewController.swift */ = {isa = PBXFileReference; lastKnownFileType = sourcecode.swift; path = SettingViewController.swift; sourceTree = "<group>"; };
		24741E6423A3316A00B41FE1 /* WantToGoViewController.swift */ = {isa = PBXFileReference; fileEncoding = 4; lastKnownFileType = sourcecode.swift; path = WantToGoViewController.swift; sourceTree = "<group>"; };
		247CD0F923AE0F54001B2768 /* UIView+Border.swift */ = {isa = PBXFileReference; lastKnownFileType = sourcecode.swift; path = "UIView+Border.swift"; sourceTree = "<group>"; };
		247CD0FB23AE59F5001B2768 /* ReviewTableViewCell.swift */ = {isa = PBXFileReference; lastKnownFileType = sourcecode.swift; path = ReviewTableViewCell.swift; sourceTree = "<group>"; };
		247CD0FD23AE6E15001B2768 /* WantToGoDetailViewController.swift */ = {isa = PBXFileReference; lastKnownFileType = sourcecode.swift; path = WantToGoDetailViewController.swift; sourceTree = "<group>"; };
		24CAC74B23ADD45800D5CE94 /* VisitedPlace.swift */ = {isa = PBXFileReference; lastKnownFileType = sourcecode.swift; path = VisitedPlace.swift; sourceTree = "<group>"; };
		24CAC74D23ADD46500D5CE94 /* Review.swift */ = {isa = PBXFileReference; lastKnownFileType = sourcecode.swift; path = Review.swift; sourceTree = "<group>"; };
		32D74D25239DE4B300CA2BBE /* GoogleService-Info.plist */ = {isa = PBXFileReference; fileEncoding = 4; lastKnownFileType = text.plist.xml; path = "GoogleService-Info.plist"; sourceTree = "<group>"; };
		32FDBAA023DE71D3003411B1 /* PhotoReviewController.swift */ = {isa = PBXFileReference; fileEncoding = 4; lastKnownFileType = sourcecode.swift; path = PhotoReviewController.swift; sourceTree = "<group>"; };
		32FDBAA223DE7470003411B1 /* ProfanityFilter.swift */ = {isa = PBXFileReference; fileEncoding = 4; lastKnownFileType = sourcecode.swift; path = ProfanityFilter.swift; sourceTree = "<group>"; };
		3D174E553BD93697ABB53BDD /* Pods-kokopokePJ.release.xcconfig */ = {isa = PBXFileReference; includeInIndex = 1; lastKnownFileType = text.xcconfig; name = "Pods-kokopokePJ.release.xcconfig"; path = "Target Support Files/Pods-kokopokePJ/Pods-kokopokePJ.release.xcconfig"; sourceTree = "<group>"; };
		440BF85323D6DA1C008FB96B /* sarchWord.swift */ = {isa = PBXFileReference; lastKnownFileType = sourcecode.swift; path = sarchWord.swift; sourceTree = "<group>"; };
		440BF85523D97F71008FB96B /* HistoryTableViewCell.swift */ = {isa = PBXFileReference; lastKnownFileType = sourcecode.swift; path = HistoryTableViewCell.swift; sourceTree = "<group>"; };
		4412846923974CAC0025E051 /* whiteLogo.png */ = {isa = PBXFileReference; lastKnownFileType = image.png; path = whiteLogo.png; sourceTree = "<group>"; };
		4412846B23977CBC0025E051 /* logo.png */ = {isa = PBXFileReference; lastKnownFileType = image.png; path = logo.png; sourceTree = "<group>"; };
		44263F682394B750008D0BA3 /* kokopokePJ.app */ = {isa = PBXFileReference; explicitFileType = wrapper.application; includeInIndex = 0; path = kokopokePJ.app; sourceTree = BUILT_PRODUCTS_DIR; };
		44263F6B2394B750008D0BA3 /* AppDelegate.swift */ = {isa = PBXFileReference; lastKnownFileType = sourcecode.swift; path = AppDelegate.swift; sourceTree = "<group>"; };
		44263F6D2394B750008D0BA3 /* SceneDelegate.swift */ = {isa = PBXFileReference; lastKnownFileType = sourcecode.swift; path = SceneDelegate.swift; sourceTree = "<group>"; };
		44263F6F2394B750008D0BA3 /* ViewController.swift */ = {isa = PBXFileReference; lastKnownFileType = sourcecode.swift; path = ViewController.swift; sourceTree = "<group>"; };
		44263F752394B750008D0BA3 /* kokopokePJ.xcdatamodel */ = {isa = PBXFileReference; lastKnownFileType = wrapper.xcdatamodel; path = kokopokePJ.xcdatamodel; sourceTree = "<group>"; };
		44263F772394B751008D0BA3 /* Assets.xcassets */ = {isa = PBXFileReference; lastKnownFileType = folder.assetcatalog; path = Assets.xcassets; sourceTree = "<group>"; };
		44263F7A2394B751008D0BA3 /* Base */ = {isa = PBXFileReference; lastKnownFileType = file.storyboard; name = Base; path = Base.lproj/LaunchScreen.storyboard; sourceTree = "<group>"; };
		44263F7C2394B751008D0BA3 /* Info.plist */ = {isa = PBXFileReference; lastKnownFileType = text.plist.xml; path = Info.plist; sourceTree = "<group>"; };
		44913CEB23B08A02003CA29E /* History.swift */ = {isa = PBXFileReference; lastKnownFileType = sourcecode.swift; path = History.swift; sourceTree = "<group>"; };
		44D095B023E1634D006E5614 /* Main.storyboard */ = {isa = PBXFileReference; fileEncoding = 4; lastKnownFileType = file.storyboard; path = Main.storyboard; sourceTree = "<group>"; };
		7F4047F435F9C02E668BB618 /* Pods-kokopokePJ.debug.xcconfig */ = {isa = PBXFileReference; includeInIndex = 1; lastKnownFileType = text.xcconfig; name = "Pods-kokopokePJ.debug.xcconfig"; path = "Target Support Files/Pods-kokopokePJ/Pods-kokopokePJ.debug.xcconfig"; sourceTree = "<group>"; };
		A9FD55BE23AB1FE5006CBE77 /* 4.png */ = {isa = PBXFileReference; lastKnownFileType = image.png; path = 4.png; sourceTree = "<group>"; };
		A9FD55C723AB2017006CBE77 /* 1.png */ = {isa = PBXFileReference; lastKnownFileType = image.png; path = 1.png; sourceTree = "<group>"; };
		A9FD55C823AB2017006CBE77 /* 3.png */ = {isa = PBXFileReference; lastKnownFileType = image.png; path = 3.png; sourceTree = "<group>"; };
		A9FD55C923AB2017006CBE77 /* 0.png */ = {isa = PBXFileReference; lastKnownFileType = image.png; path = 0.png; sourceTree = "<group>"; };
		A9FD55CA23AB2017006CBE77 /* 2.png */ = {isa = PBXFileReference; lastKnownFileType = image.png; path = 2.png; sourceTree = "<group>"; };
		A9FD55CB23AB2017006CBE77 /* 5.png */ = {isa = PBXFileReference; lastKnownFileType = image.png; path = 5.png; sourceTree = "<group>"; };
		A9FD560223AC50AE006CBE77 /* LocationIDetailsViewController.swift */ = {isa = PBXFileReference; fileEncoding = 4; lastKnownFileType = sourcecode.swift; path = LocationIDetailsViewController.swift; sourceTree = "<group>"; };
		A9FD560523AC5163006CBE77 /* ReviewPostFormViewController.swift */ = {isa = PBXFileReference; lastKnownFileType = sourcecode.swift; path = ReviewPostFormViewController.swift; sourceTree = "<group>"; };
/* End PBXFileReference section */

/* Begin PBXFrameworksBuildPhase section */
		44263F652394B750008D0BA3 /* Frameworks */ = {
			isa = PBXFrameworksBuildPhase;
			buildActionMask = 2147483647;
			files = (
				6CDEAC31B91F181F51571D7F /* Pods_kokopokePJ.framework in Frameworks */,
			);
			runOnlyForDeploymentPostprocessing = 0;
		};
/* End PBXFrameworksBuildPhase section */

/* Begin PBXGroup section */
		247CD0FF23AF0CD8001B2768 /* model */ = {
			isa = PBXGroup;
			children = (
				24CAC74B23ADD45800D5CE94 /* VisitedPlace.swift */,
				24CAC74D23ADD46500D5CE94 /* Review.swift */,
				44913CEB23B08A02003CA29E /* History.swift */,
				440BF85323D6DA1C008FB96B /* sarchWord.swift */,
			);
			path = model;
			sourceTree = "<group>";
		};
		247CD10023AF0CE5001B2768 /* viewContorller */ = {
			isa = PBXGroup;
			children = (
				32FDBAA223DE7470003411B1 /* ProfanityFilter.swift */,
				32FDBA9F23DE71D3003411B1 /* Photo */,
				247CD10323AF0DAD001B2768 /* splash */,
				247CD10223AF0D8E001B2768 /* top */,
				247CD10F23AF12F8001B2768 /* locationDetail */,
				247CD10423AF0DBC001B2768 /* menu */,
				247CD10523AF0DDB001B2768 /* wantToGoList */,
				247CD10623AF0DF6001B2768 /* wantoToGoDetail */,
				247CD10723AF0E42001B2768 /* visitedList */,
				247CD10823AF0E67001B2768 /* visitedDetail */,
				247CD10B23AF0FC7001B2768 /* reviewList */,
				247CD10C23AF103C001B2768 /* reviewDetail */,
				247CD10923AF0F52001B2768 /* reviewPost */,
				247CD10A23AF0F82001B2768 /* reviewPostConfirm */,
				247CD10D23AF1073001B2768 /* reviewPostComplete */,
				247CD10E23AF108A001B2768 /* settings */,
			);
			path = viewContorller;
			sourceTree = "<group>";
		};
		247CD10123AF0CF7001B2768 /* utils */ = {
			isa = PBXGroup;
			children = (
				247CD0F923AE0F54001B2768 /* UIView+Border.swift */,
				24520C9123E723890092D74D /* UIViewController+Extension.swift */,
			);
			path = utils;
			sourceTree = "<group>";
		};
		247CD10223AF0D8E001B2768 /* top */ = {
			isa = PBXGroup;
			children = (
				24741E5A23A31DC400B41FE1 /* TopViewController.swift */,
				440BF85523D97F71008FB96B /* HistoryTableViewCell.swift */,
			);
			path = top;
			sourceTree = "<group>";
		};
		247CD10323AF0DAD001B2768 /* splash */ = {
			isa = PBXGroup;
			children = (
				44263F6F2394B750008D0BA3 /* ViewController.swift */,
			);
			path = splash;
			sourceTree = "<group>";
		};
		247CD10423AF0DBC001B2768 /* menu */ = {
			isa = PBXGroup;
			children = (
				24741E5823A31D6000B41FE1 /* MenuViewController.swift */,
			);
			path = menu;
			sourceTree = "<group>";
		};
		247CD10523AF0DDB001B2768 /* wantToGoList */ = {
			isa = PBXGroup;
			children = (
				24741E6423A3316A00B41FE1 /* WantToGoViewController.swift */,
			);
			path = wantToGoList;
			sourceTree = "<group>";
		};
		247CD10623AF0DF6001B2768 /* wantoToGoDetail */ = {
			isa = PBXGroup;
			children = (
				247CD0FD23AE6E15001B2768 /* WantToGoDetailViewController.swift */,
			);
			path = wantoToGoDetail;
			sourceTree = "<group>";
		};
		247CD10723AF0E42001B2768 /* visitedList */ = {
			isa = PBXGroup;
			children = (
				24741E5C23A31E0600B41FE1 /* VisitedViewController.swift */,
			);
			path = visitedList;
			sourceTree = "<group>";
		};
		247CD10823AF0E67001B2768 /* visitedDetail */ = {
			isa = PBXGroup;
			children = (
				24741E6023A31E5D00B41FE1 /* VisiteDetailsViewController.swift */,
			);
			path = visitedDetail;
			sourceTree = "<group>";
		};
		247CD10923AF0F52001B2768 /* reviewPost */ = {
			isa = PBXGroup;
			children = (
				2459DEC923A75E24006027A1 /* ReviewPostViewConroller.swift */,
				A9FD560523AC5163006CBE77 /* ReviewPostFormViewController.swift */,
			);
			path = reviewPost;
			sourceTree = "<group>";
		};
		247CD10A23AF0F82001B2768 /* reviewPostConfirm */ = {
			isa = PBXGroup;
			children = (
				247CD0FB23AE59F5001B2768 /* ReviewTableViewCell.swift */,
				2459DEC723A75E24006027A1 /* ReviewConfirmViewConroller.swift */,
			);
			path = reviewPostConfirm;
			sourceTree = "<group>";
		};
		247CD10B23AF0FC7001B2768 /* reviewList */ = {
			isa = PBXGroup;
			children = (
				2459DEC823A75E24006027A1 /* ReviewListViewConroller.swift */,
			);
			path = reviewList;
			sourceTree = "<group>";
		};
		247CD10C23AF103C001B2768 /* reviewDetail */ = {
			isa = PBXGroup;
			children = (
				2459DECA23A75E24006027A1 /* ReviewDetailViewConroller.swift */,
			);
			path = reviewDetail;
			sourceTree = "<group>";
		};
		247CD10D23AF1073001B2768 /* reviewPostComplete */ = {
			isa = PBXGroup;
			children = (
				2459DECB23A75E24006027A1 /* ReviewCompleteViewConroller.swift */,
			);
			path = reviewPostComplete;
			sourceTree = "<group>";
		};
		247CD10E23AF108A001B2768 /* settings */ = {
			isa = PBXGroup;
			children = (
				24741E6223A31EEE00B41FE1 /* SettingViewController.swift */,
			);
			path = settings;
			sourceTree = "<group>";
		};
		247CD10F23AF12F8001B2768 /* locationDetail */ = {
			isa = PBXGroup;
			children = (
				A9FD560223AC50AE006CBE77 /* LocationIDetailsViewController.swift */,
			);
			path = locationDetail;
			sourceTree = "<group>";
		};
		32FDBA9F23DE71D3003411B1 /* Photo */ = {
			isa = PBXGroup;
			children = (
				32FDBAA023DE71D3003411B1 /* PhotoReviewController.swift */,
			);
			path = Photo;
			sourceTree = "<group>";
		};
		44263F5F2394B750008D0BA3 = {
			isa = PBXGroup;
			children = (
				44263F6A2394B750008D0BA3 /* kokopokePJ */,
				44263F692394B750008D0BA3 /* Products */,
				80DE6CF60A5FACC7D99486E5 /* Pods */,
				4B7B83B0972DE13BBD12E65C /* Frameworks */,
			);
			sourceTree = "<group>";
		};
		44263F692394B750008D0BA3 /* Products */ = {
			isa = PBXGroup;
			children = (
				44263F682394B750008D0BA3 /* kokopokePJ.app */,
			);
			name = Products;
			sourceTree = "<group>";
		};
		44263F6A2394B750008D0BA3 /* kokopokePJ */ = {
			isa = PBXGroup;
			children = (
				247CD10123AF0CF7001B2768 /* utils */,
				247CD10023AF0CE5001B2768 /* viewContorller */,
				247CD0FF23AF0CD8001B2768 /* model */,
				44263F6B2394B750008D0BA3 /* AppDelegate.swift */,
				44263F6D2394B750008D0BA3 /* SceneDelegate.swift */,
				44D095B023E1634D006E5614 /* Main.storyboard */,
				44263F772394B751008D0BA3 /* Assets.xcassets */,
				44263F792394B751008D0BA3 /* LaunchScreen.storyboard */,
				44263F7C2394B751008D0BA3 /* Info.plist */,
				44263F742394B750008D0BA3 /* kokopokePJ.xcdatamodeld */,
				4412846923974CAC0025E051 /* whiteLogo.png */,
				4412846B23977CBC0025E051 /* logo.png */,
				A9FD55C923AB2017006CBE77 /* 0.png */,
				A9FD55C723AB2017006CBE77 /* 1.png */,
				A9FD55CA23AB2017006CBE77 /* 2.png */,
				A9FD55C823AB2017006CBE77 /* 3.png */,
				A9FD55BE23AB1FE5006CBE77 /* 4.png */,
				A9FD55CB23AB2017006CBE77 /* 5.png */,
				32D74D25239DE4B300CA2BBE /* GoogleService-Info.plist */,
			);
			path = kokopokePJ;
			sourceTree = "<group>";
		};
		4B7B83B0972DE13BBD12E65C /* Frameworks */ = {
			isa = PBXGroup;
			children = (
				20BC471902BE98B11422B315 /* Pods_kokopokePJ.framework */,
			);
			name = Frameworks;
			sourceTree = "<group>";
		};
		80DE6CF60A5FACC7D99486E5 /* Pods */ = {
			isa = PBXGroup;
			children = (
				7F4047F435F9C02E668BB618 /* Pods-kokopokePJ.debug.xcconfig */,
				3D174E553BD93697ABB53BDD /* Pods-kokopokePJ.release.xcconfig */,
			);
			path = Pods;
			sourceTree = "<group>";
		};
/* End PBXGroup section */

/* Begin PBXNativeTarget section */
		44263F672394B750008D0BA3 /* kokopokePJ */ = {
			isa = PBXNativeTarget;
			buildConfigurationList = 44263F7F2394B751008D0BA3 /* Build configuration list for PBXNativeTarget "kokopokePJ" */;
			buildPhases = (
				9433A7A3C94FC3932F52BC15 /* [CP] Check Pods Manifest.lock */,
				44263F642394B750008D0BA3 /* Sources */,
				44263F652394B750008D0BA3 /* Frameworks */,
				44263F662394B750008D0BA3 /* Resources */,
				678AE71F9ABE20317F180EB3 /* [CP] Embed Pods Frameworks */,
			);
			buildRules = (
			);
			dependencies = (
			);
			name = kokopokePJ;
			productName = kokopokePJ;
			productReference = 44263F682394B750008D0BA3 /* kokopokePJ.app */;
			productType = "com.apple.product-type.application";
		};
/* End PBXNativeTarget section */

/* Begin PBXProject section */
		44263F602394B750008D0BA3 /* Project object */ = {
			isa = PBXProject;
			attributes = {
				LastSwiftUpdateCheck = 1120;
				LastUpgradeCheck = 1120;
				ORGANIZATIONNAME = "Saki Nakayama";
				TargetAttributes = {
					44263F672394B750008D0BA3 = {
						CreatedOnToolsVersion = 11.2.1;
					};
				};
			};
			buildConfigurationList = 44263F632394B750008D0BA3 /* Build configuration list for PBXProject "kokopokePJ" */;
			compatibilityVersion = "Xcode 9.3";
			developmentRegion = en;
			hasScannedForEncodings = 0;
			knownRegions = (
				en,
				Base,
			);
			mainGroup = 44263F5F2394B750008D0BA3;
			productRefGroup = 44263F692394B750008D0BA3 /* Products */;
			projectDirPath = "";
			projectRoot = "";
			targets = (
				44263F672394B750008D0BA3 /* kokopokePJ */,
			);
		};
/* End PBXProject section */

/* Begin PBXResourcesBuildPhase section */
		44263F662394B750008D0BA3 /* Resources */ = {
			isa = PBXResourcesBuildPhase;
			buildActionMask = 2147483647;
			files = (
				A9FD55CF23AB2017006CBE77 /* 0.png in Resources */,
				4412846A23974CAC0025E051 /* whiteLogo.png in Resources */,
				A9FD55D023AB2017006CBE77 /* 2.png in Resources */,
				4412846C23977CBC0025E051 /* logo.png in Resources */,
				A9FD55C423AB1FE5006CBE77 /* 4.png in Resources */,
				44263F7B2394B751008D0BA3 /* LaunchScreen.storyboard in Resources */,
				A9FD55CD23AB2017006CBE77 /* 1.png in Resources */,
				44D095B123E1634E006E5614 /* Main.storyboard in Resources */,
				44263F782394B751008D0BA3 /* Assets.xcassets in Resources */,
				A9FD55CE23AB2017006CBE77 /* 3.png in Resources */,
				A9FD55D123AB2017006CBE77 /* 5.png in Resources */,
				32D74D26239DE4B300CA2BBE /* GoogleService-Info.plist in Resources */,
			);
			runOnlyForDeploymentPostprocessing = 0;
		};
/* End PBXResourcesBuildPhase section */

/* Begin PBXShellScriptBuildPhase section */
		678AE71F9ABE20317F180EB3 /* [CP] Embed Pods Frameworks */ = {
			isa = PBXShellScriptBuildPhase;
			buildActionMask = 2147483647;
			files = (
			);
			inputFileListPaths = (
				"${PODS_ROOT}/Target Support Files/Pods-kokopokePJ/Pods-kokopokePJ-frameworks-${CONFIGURATION}-input-files.xcfilelist",
			);
			name = "[CP] Embed Pods Frameworks";
			outputFileListPaths = (
				"${PODS_ROOT}/Target Support Files/Pods-kokopokePJ/Pods-kokopokePJ-frameworks-${CONFIGURATION}-output-files.xcfilelist",
			);
			runOnlyForDeploymentPostprocessing = 0;
			shellPath = /bin/sh;
			shellScript = "\"${PODS_ROOT}/Target Support Files/Pods-kokopokePJ/Pods-kokopokePJ-frameworks.sh\"\n";
			showEnvVarsInLog = 0;
		};
		9433A7A3C94FC3932F52BC15 /* [CP] Check Pods Manifest.lock */ = {
			isa = PBXShellScriptBuildPhase;
			buildActionMask = 2147483647;
			files = (
			);
			inputFileListPaths = (
			);
			inputPaths = (
				"${PODS_PODFILE_DIR_PATH}/Podfile.lock",
				"${PODS_ROOT}/Manifest.lock",
			);
			name = "[CP] Check Pods Manifest.lock";
			outputFileListPaths = (
			);
			outputPaths = (
				"$(DERIVED_FILE_DIR)/Pods-kokopokePJ-checkManifestLockResult.txt",
			);
			runOnlyForDeploymentPostprocessing = 0;
			shellPath = /bin/sh;
			shellScript = "diff \"${PODS_PODFILE_DIR_PATH}/Podfile.lock\" \"${PODS_ROOT}/Manifest.lock\" > /dev/null\nif [ $? != 0 ] ; then\n    # print error to STDERR\n    echo \"error: The sandbox is not in sync with the Podfile.lock. Run 'pod install' or update your CocoaPods installation.\" >&2\n    exit 1\nfi\n# This output is used by Xcode 'outputs' to avoid re-running this script phase.\necho \"SUCCESS\" > \"${SCRIPT_OUTPUT_FILE_0}\"\n";
			showEnvVarsInLog = 0;
		};
/* End PBXShellScriptBuildPhase section */

/* Begin PBXSourcesBuildPhase section */
		44263F642394B750008D0BA3 /* Sources */ = {
			isa = PBXSourcesBuildPhase;
			buildActionMask = 2147483647;
			files = (
				A9FD560423AC50AE006CBE77 /* LocationIDetailsViewController.swift in Sources */,
				44263F762394B750008D0BA3 /* kokopokePJ.xcdatamodeld in Sources */,
				247CD0FE23AE6E15001B2768 /* WantToGoDetailViewController.swift in Sources */,
				44263F702394B750008D0BA3 /* ViewController.swift in Sources */,
				24520C9223E723890092D74D /* UIViewController+Extension.swift in Sources */,
				440BF85623D97F71008FB96B /* HistoryTableViewCell.swift in Sources */,
				A9FD560623AC5163006CBE77 /* ReviewPostFormViewController.swift in Sources */,
				24741E5923A31D6000B41FE1 /* MenuViewController.swift in Sources */,
				24741E5B23A31DC400B41FE1 /* TopViewController.swift in Sources */,
				2459DECC23A75E24006027A1 /* ReviewConfirmViewConroller.swift in Sources */,
				24741E5D23A31E0600B41FE1 /* VisitedViewController.swift in Sources */,
				24CAC74E23ADD46500D5CE94 /* Review.swift in Sources */,
				247CD0FA23AE0F54001B2768 /* UIView+Border.swift in Sources */,
				2459DED023A75E24006027A1 /* ReviewCompleteViewConroller.swift in Sources */,
				24741E6323A31EEE00B41FE1 /* SettingViewController.swift in Sources */,
				44913CEC23B08A02003CA29E /* History.swift in Sources */,
				2459DECE23A75E24006027A1 /* ReviewPostViewConroller.swift in Sources */,
				32FDBAA323DE7470003411B1 /* ProfanityFilter.swift in Sources */,
				44263F6C2394B750008D0BA3 /* AppDelegate.swift in Sources */,
				44263F6E2394B750008D0BA3 /* SceneDelegate.swift in Sources */,
				24CAC74C23ADD45800D5CE94 /* VisitedPlace.swift in Sources */,
				2459DECF23A75E24006027A1 /* ReviewDetailViewConroller.swift in Sources */,
				32FDBAA123DE71D3003411B1 /* PhotoReviewController.swift in Sources */,
				24741E6123A31E5D00B41FE1 /* VisiteDetailsViewController.swift in Sources */,
				2459DECD23A75E24006027A1 /* ReviewListViewConroller.swift in Sources */,
				440BF85423D6DA1C008FB96B /* sarchWord.swift in Sources */,
				247CD0FC23AE59F5001B2768 /* ReviewTableViewCell.swift in Sources */,
				24741E6523A3316B00B41FE1 /* WantToGoViewController.swift in Sources */,
			);
			runOnlyForDeploymentPostprocessing = 0;
		};
/* End PBXSourcesBuildPhase section */

/* Begin PBXVariantGroup section */
		44263F792394B751008D0BA3 /* LaunchScreen.storyboard */ = {
			isa = PBXVariantGroup;
			children = (
				44263F7A2394B751008D0BA3 /* Base */,
			);
			name = LaunchScreen.storyboard;
			sourceTree = "<group>";
		};
/* End PBXVariantGroup section */

/* Begin XCBuildConfiguration section */
		44263F7D2394B751008D0BA3 /* Debug */ = {
			isa = XCBuildConfiguration;
			buildSettings = {
				ALWAYS_SEARCH_USER_PATHS = NO;
				CLANG_ANALYZER_NONNULL = YES;
				CLANG_ANALYZER_NUMBER_OBJECT_CONVERSION = YES_AGGRESSIVE;
				CLANG_CXX_LANGUAGE_STANDARD = "gnu++14";
				CLANG_CXX_LIBRARY = "libc++";
				CLANG_ENABLE_MODULES = YES;
				CLANG_ENABLE_OBJC_ARC = YES;
				CLANG_ENABLE_OBJC_WEAK = YES;
				CLANG_WARN_BLOCK_CAPTURE_AUTORELEASING = YES;
				CLANG_WARN_BOOL_CONVERSION = YES;
				CLANG_WARN_COMMA = YES;
				CLANG_WARN_CONSTANT_CONVERSION = YES;
				CLANG_WARN_DEPRECATED_OBJC_IMPLEMENTATIONS = YES;
				CLANG_WARN_DIRECT_OBJC_ISA_USAGE = YES_ERROR;
				CLANG_WARN_DOCUMENTATION_COMMENTS = YES;
				CLANG_WARN_EMPTY_BODY = YES;
				CLANG_WARN_ENUM_CONVERSION = YES;
				CLANG_WARN_INFINITE_RECURSION = YES;
				CLANG_WARN_INT_CONVERSION = YES;
				CLANG_WARN_NON_LITERAL_NULL_CONVERSION = YES;
				CLANG_WARN_OBJC_IMPLICIT_RETAIN_SELF = YES;
				CLANG_WARN_OBJC_LITERAL_CONVERSION = YES;
				CLANG_WARN_OBJC_ROOT_CLASS = YES_ERROR;
				CLANG_WARN_RANGE_LOOP_ANALYSIS = YES;
				CLANG_WARN_STRICT_PROTOTYPES = YES;
				CLANG_WARN_SUSPICIOUS_MOVE = YES;
				CLANG_WARN_UNGUARDED_AVAILABILITY = YES_AGGRESSIVE;
				CLANG_WARN_UNREACHABLE_CODE = YES;
				CLANG_WARN__DUPLICATE_METHOD_MATCH = YES;
				COPY_PHASE_STRIP = NO;
				DEBUG_INFORMATION_FORMAT = dwarf;
				ENABLE_STRICT_OBJC_MSGSEND = YES;
				ENABLE_TESTABILITY = YES;
				GCC_C_LANGUAGE_STANDARD = gnu11;
				GCC_DYNAMIC_NO_PIC = NO;
				GCC_NO_COMMON_BLOCKS = YES;
				GCC_OPTIMIZATION_LEVEL = 0;
				GCC_PREPROCESSOR_DEFINITIONS = (
					"DEBUG=1",
					"$(inherited)",
				);
				GCC_WARN_64_TO_32_BIT_CONVERSION = YES;
				GCC_WARN_ABOUT_RETURN_TYPE = YES_ERROR;
				GCC_WARN_UNDECLARED_SELECTOR = YES;
				GCC_WARN_UNINITIALIZED_AUTOS = YES_AGGRESSIVE;
				GCC_WARN_UNUSED_FUNCTION = YES;
				GCC_WARN_UNUSED_VARIABLE = YES;
				IPHONEOS_DEPLOYMENT_TARGET = 13.1;
				MTL_ENABLE_DEBUG_INFO = INCLUDE_SOURCE;
				MTL_FAST_MATH = YES;
				ONLY_ACTIVE_ARCH = YES;
				SDKROOT = iphoneos;
				SWIFT_ACTIVE_COMPILATION_CONDITIONS = DEBUG;
				SWIFT_OPTIMIZATION_LEVEL = "-Onone";
			};
			name = Debug;
		};
		44263F7E2394B751008D0BA3 /* Release */ = {
			isa = XCBuildConfiguration;
			buildSettings = {
				ALWAYS_SEARCH_USER_PATHS = NO;
				CLANG_ANALYZER_NONNULL = YES;
				CLANG_ANALYZER_NUMBER_OBJECT_CONVERSION = YES_AGGRESSIVE;
				CLANG_CXX_LANGUAGE_STANDARD = "gnu++14";
				CLANG_CXX_LIBRARY = "libc++";
				CLANG_ENABLE_MODULES = YES;
				CLANG_ENABLE_OBJC_ARC = YES;
				CLANG_ENABLE_OBJC_WEAK = YES;
				CLANG_WARN_BLOCK_CAPTURE_AUTORELEASING = YES;
				CLANG_WARN_BOOL_CONVERSION = YES;
				CLANG_WARN_COMMA = YES;
				CLANG_WARN_CONSTANT_CONVERSION = YES;
				CLANG_WARN_DEPRECATED_OBJC_IMPLEMENTATIONS = YES;
				CLANG_WARN_DIRECT_OBJC_ISA_USAGE = YES_ERROR;
				CLANG_WARN_DOCUMENTATION_COMMENTS = YES;
				CLANG_WARN_EMPTY_BODY = YES;
				CLANG_WARN_ENUM_CONVERSION = YES;
				CLANG_WARN_INFINITE_RECURSION = YES;
				CLANG_WARN_INT_CONVERSION = YES;
				CLANG_WARN_NON_LITERAL_NULL_CONVERSION = YES;
				CLANG_WARN_OBJC_IMPLICIT_RETAIN_SELF = YES;
				CLANG_WARN_OBJC_LITERAL_CONVERSION = YES;
				CLANG_WARN_OBJC_ROOT_CLASS = YES_ERROR;
				CLANG_WARN_RANGE_LOOP_ANALYSIS = YES;
				CLANG_WARN_STRICT_PROTOTYPES = YES;
				CLANG_WARN_SUSPICIOUS_MOVE = YES;
				CLANG_WARN_UNGUARDED_AVAILABILITY = YES_AGGRESSIVE;
				CLANG_WARN_UNREACHABLE_CODE = YES;
				CLANG_WARN__DUPLICATE_METHOD_MATCH = YES;
				COPY_PHASE_STRIP = NO;
				DEBUG_INFORMATION_FORMAT = "dwarf-with-dsym";
				ENABLE_NS_ASSERTIONS = NO;
				ENABLE_STRICT_OBJC_MSGSEND = YES;
				GCC_C_LANGUAGE_STANDARD = gnu11;
				GCC_NO_COMMON_BLOCKS = YES;
				GCC_WARN_64_TO_32_BIT_CONVERSION = YES;
				GCC_WARN_ABOUT_RETURN_TYPE = YES_ERROR;
				GCC_WARN_UNDECLARED_SELECTOR = YES;
				GCC_WARN_UNINITIALIZED_AUTOS = YES_AGGRESSIVE;
				GCC_WARN_UNUSED_FUNCTION = YES;
				GCC_WARN_UNUSED_VARIABLE = YES;
				IPHONEOS_DEPLOYMENT_TARGET = 13.1;
				MTL_ENABLE_DEBUG_INFO = NO;
				MTL_FAST_MATH = YES;
				SDKROOT = iphoneos;
				SWIFT_COMPILATION_MODE = wholemodule;
				SWIFT_OPTIMIZATION_LEVEL = "-O";
				VALIDATE_PRODUCT = YES;
			};
			name = Release;
		};
		44263F802394B751008D0BA3 /* Debug */ = {
			isa = XCBuildConfiguration;
			baseConfigurationReference = 7F4047F435F9C02E668BB618 /* Pods-kokopokePJ.debug.xcconfig */;
			buildSettings = {
				ASSETCATALOG_COMPILER_APPICON_NAME = AppIcon;
				CODE_SIGN_STYLE = Automatic;
				DEVELOPMENT_TEAM = 5PRVM435C9;
				INFOPLIST_FILE = kokopokePJ/Info.plist;
				LD_RUNPATH_SEARCH_PATHS = (
					"$(inherited)",
					"@executable_path/Frameworks",
				);
				PRODUCT_BUNDLE_IDENTIFIER = "com.DirectionTorture.kokopokePJ-gonchan";
				PRODUCT_NAME = "$(TARGET_NAME)";
				SWIFT_VERSION = 5.0;
				TARGETED_DEVICE_FAMILY = "1,2";
			};
			name = Debug;
		};
		44263F812394B751008D0BA3 /* Release */ = {
			isa = XCBuildConfiguration;
			baseConfigurationReference = 3D174E553BD93697ABB53BDD /* Pods-kokopokePJ.release.xcconfig */;
			buildSettings = {
				ASSETCATALOG_COMPILER_APPICON_NAME = AppIcon;
				CODE_SIGN_STYLE = Automatic;
				DEVELOPMENT_TEAM = 5PRVM435C9;
				INFOPLIST_FILE = kokopokePJ/Info.plist;
				LD_RUNPATH_SEARCH_PATHS = (
					"$(inherited)",
					"@executable_path/Frameworks",
				);
				PRODUCT_BUNDLE_IDENTIFIER = "com.DirectionTorture.kokopokePJ-gonchan";
				PRODUCT_NAME = "$(TARGET_NAME)";
				SWIFT_VERSION = 5.0;
				TARGETED_DEVICE_FAMILY = "1,2";
			};
			name = Release;
		};
/* End XCBuildConfiguration section */

/* Begin XCConfigurationList section */
		44263F632394B750008D0BA3 /* Build configuration list for PBXProject "kokopokePJ" */ = {
			isa = XCConfigurationList;
			buildConfigurations = (
				44263F7D2394B751008D0BA3 /* Debug */,
				44263F7E2394B751008D0BA3 /* Release */,
			);
			defaultConfigurationIsVisible = 0;
			defaultConfigurationName = Release;
		};
		44263F7F2394B751008D0BA3 /* Build configuration list for PBXNativeTarget "kokopokePJ" */ = {
			isa = XCConfigurationList;
			buildConfigurations = (
				44263F802394B751008D0BA3 /* Debug */,
				44263F812394B751008D0BA3 /* Release */,
			);
			defaultConfigurationIsVisible = 0;
			defaultConfigurationName = Release;
		};
/* End XCConfigurationList section */

/* Begin XCVersionGroup section */
		44263F742394B750008D0BA3 /* kokopokePJ.xcdatamodeld */ = {
			isa = XCVersionGroup;
			children = (
				44263F752394B750008D0BA3 /* kokopokePJ.xcdatamodel */,
			);
			currentVersion = 44263F752394B750008D0BA3 /* kokopokePJ.xcdatamodel */;
			path = kokopokePJ.xcdatamodeld;
			sourceTree = "<group>";
			versionGroupType = wrapper.xcdatamodel;
		};
/* End XCVersionGroup section */
	};
	rootObject = 44263F602394B750008D0BA3 /* Project object */;
}
